// !$*UTF8*$!
{
	archiveVersion = 1;
	classes = {
	};
	objectVersion = 51;
	objects = {

/* Begin PBXBuildFile section */
		0BAD8A9ACAB905AA365E784A /* Pods_HelloPriceTests.framework in Frameworks */ = {isa = PBXBuildFile; fileRef = E2118FEEB5C4A7D29C9D46C2 /* Pods_HelloPriceTests.framework */; };
		B0E7FB7C414E6EBC63322E1F /* Pods_HelloPrice.framework in Frameworks */ = {isa = PBXBuildFile; fileRef = D0739BBD313FCC900D0AD69F /* Pods_HelloPrice.framework */; };
		CA146D6C24E2D16D00C85C1C /* RemoteRepository.swift in Sources */ = {isa = PBXBuildFile; fileRef = CA146D6B24E2D16D00C85C1C /* RemoteRepository.swift */; };
		CA146D6F24E2D17D00C85C1C /* LocalRepository.swift in Sources */ = {isa = PBXBuildFile; fileRef = CA146D6E24E2D17D00C85C1C /* LocalRepository.swift */; };
		CA146D7124E2E62100C85C1C /* SceneDelegate.swift in Sources */ = {isa = PBXBuildFile; fileRef = CA146D7024E2E62100C85C1C /* SceneDelegate.swift */; };
		CA31C0B124A49F9600CF190C /* BaseViewModel.swift in Sources */ = {isa = PBXBuildFile; fileRef = CA31C0AF24A49EE200CF190C /* BaseViewModel.swift */; };
		CA31C0B224A49F9600CF190C /* MainViewModel.swift in Sources */ = {isa = PBXBuildFile; fileRef = CA31C0B024A49EE200CF190C /* MainViewModel.swift */; };
		CA33B54124E43412008F558C /* UseCase.swift in Sources */ = {isa = PBXBuildFile; fileRef = CA33B54024E43412008F558C /* UseCase.swift */; };
		CA33B54624E43A47008F558C /* SignInUseCase.swift in Sources */ = {isa = PBXBuildFile; fileRef = CA33B54524E43A47008F558C /* SignInUseCase.swift */; };
		CA33B54824E43A6B008F558C /* ShowMyProductListUseCase.swift in Sources */ = {isa = PBXBuildFile; fileRef = CA33B54724E43A6B008F558C /* ShowMyProductListUseCase.swift */; };
		CA33B54A24E43A7C008F558C /* SignUpUseCase.swift in Sources */ = {isa = PBXBuildFile; fileRef = CA33B54924E43A7C008F558C /* SignUpUseCase.swift */; };
		CA33B54C24E43AB0008F558C /* AddProductUseCase.swift in Sources */ = {isa = PBXBuildFile; fileRef = CA33B54B24E43AB0008F558C /* AddProductUseCase.swift */; };
		CA33B54E24E43ABE008F558C /* SearchProductUseCase.swift in Sources */ = {isa = PBXBuildFile; fileRef = CA33B54D24E43ABE008F558C /* SearchProductUseCase.swift */; };
		CA33B55024E43AE0008F558C /* SubscribeProductUseCase.swift in Sources */ = {isa = PBXBuildFile; fileRef = CA33B54F24E43AE0008F558C /* SubscribeProductUseCase.swift */; };
		CA33B55224E43B17008F558C /* ShowMyPageUseCase.swift in Sources */ = {isa = PBXBuildFile; fileRef = CA33B55124E43B17008F558C /* ShowMyPageUseCase.swift */; };
		CA3B85D224820F9100F1D863 /* AppDelegate.swift in Sources */ = {isa = PBXBuildFile; fileRef = CA3B85D124820F9100F1D863 /* AppDelegate.swift */; };
		CA3B85D924820F9100F1D863 /* Main.storyboard in Resources */ = {isa = PBXBuildFile; fileRef = CA3B85D724820F9100F1D863 /* Main.storyboard */; };
		CA3B85DB24820F9300F1D863 /* Assets.xcassets in Resources */ = {isa = PBXBuildFile; fileRef = CA3B85DA24820F9300F1D863 /* Assets.xcassets */; };
		CA3B85DE24820F9300F1D863 /* LaunchScreen.storyboard in Resources */ = {isa = PBXBuildFile; fileRef = CA3B85DC24820F9300F1D863 /* LaunchScreen.storyboard */; };
		CA3B85E924820F9300F1D863 /* HelloPriceTests.swift in Sources */ = {isa = PBXBuildFile; fileRef = CA3B85E824820F9300F1D863 /* HelloPriceTests.swift */; };
		CA438796248D1C3700B01A8A /* BottonCircleButton.swift in Sources */ = {isa = PBXBuildFile; fileRef = CA438795248D1C3700B01A8A /* BottonCircleButton.swift */; };
		CA47DE0F24E6A52B00156AF1 /* ViewModelType.swift in Sources */ = {isa = PBXBuildFile; fileRef = CA47DE0E24E6A52B00156AF1 /* ViewModelType.swift */; };
		CA9D6E6A24878C1E00E99B25 /* Product.swift in Sources */ = {isa = PBXBuildFile; fileRef = CA9D6E6924878C1E00E99B25 /* Product.swift */; };
		CA9D6E6C24878E1B00E99B25 /* NofifiedProduct.swift in Sources */ = {isa = PBXBuildFile; fileRef = CA9D6E6B24878E1B00E99B25 /* NofifiedProduct.swift */; };
		CA9D6E6E2487900300E99B25 /* MainViewController.swift in Sources */ = {isa = PBXBuildFile; fileRef = CA9D6E6D2487900300E99B25 /* MainViewController.swift */; };
		CA9D6E702488700E00E99B25 /* ViewModelBindableControllerType.swift in Sources */ = {isa = PBXBuildFile; fileRef = CA9D6E6F2488700E00E99B25 /* ViewModelBindableControllerType.swift */; };
		CA9D6E762488778200E99B25 /* ProductStorageType.swift in Sources */ = {isa = PBXBuildFile; fileRef = CA9D6E752488778200E99B25 /* ProductStorageType.swift */; };
		CA9D6E78248879DF00E99B25 /* SceneCoordinatorType.swift in Sources */ = {isa = PBXBuildFile; fileRef = CA9D6E77248879DF00E99B25 /* SceneCoordinatorType.swift */; };
		CA9D6E7A24887A4300E99B25 /* Scene.swift in Sources */ = {isa = PBXBuildFile; fileRef = CA9D6E7924887A4300E99B25 /* Scene.swift */; };
		CA9D6E7E24887E0B00E99B25 /* MyPageViewModel.swift in Sources */ = {isa = PBXBuildFile; fileRef = CA9D6E7D24887E0B00E99B25 /* MyPageViewModel.swift */; };
		CA9D6E8024887E4500E99B25 /* TransitionModel.swift in Sources */ = {isa = PBXBuildFile; fileRef = CA9D6E7F24887E4500E99B25 /* TransitionModel.swift */; };
		CA9D6E82248880F400E99B25 /* BaseViewController.swift in Sources */ = {isa = PBXBuildFile; fileRef = CA9D6E81248880F400E99B25 /* BaseViewController.swift */; };
		CA9D6E84248884FF00E99B25 /* SceneCoordinator.swift in Sources */ = {isa = PBXBuildFile; fileRef = CA9D6E83248884FF00E99B25 /* SceneCoordinator.swift */; };
		CA9F0F4624A8C15D00C84B50 /* BaseNetwork.swift in Sources */ = {isa = PBXBuildFile; fileRef = CA9F0F4524A8C15D00C84B50 /* BaseNetwork.swift */; };
/* End PBXBuildFile section */

/* Begin PBXContainerItemProxy section */
		CA3B85E524820F9300F1D863 /* PBXContainerItemProxy */ = {
			isa = PBXContainerItemProxy;
			containerPortal = CA3B85C624820F9100F1D863 /* Project object */;
			proxyType = 1;
			remoteGlobalIDString = CA3B85CD24820F9100F1D863;
			remoteInfo = HelloPrice;
		};
/* End PBXContainerItemProxy section */

/* Begin PBXFileReference section */
		2D1A1EB17D6B37C7C9873243 /* Pods-HelloPrice.debug.xcconfig */ = {isa = PBXFileReference; includeInIndex = 1; lastKnownFileType = text.xcconfig; name = "Pods-HelloPrice.debug.xcconfig"; path = "Target Support Files/Pods-HelloPrice/Pods-HelloPrice.debug.xcconfig"; sourceTree = "<group>"; };
		57E9D6A39C5CE377CD9EC596 /* Pods-HelloPrice.release.xcconfig */ = {isa = PBXFileReference; includeInIndex = 1; lastKnownFileType = text.xcconfig; name = "Pods-HelloPrice.release.xcconfig"; path = "Target Support Files/Pods-HelloPrice/Pods-HelloPrice.release.xcconfig"; sourceTree = "<group>"; };
		9C0A9CC8FDC13BC1C4C70B69 /* Pods-HelloPriceTests.release.xcconfig */ = {isa = PBXFileReference; includeInIndex = 1; lastKnownFileType = text.xcconfig; name = "Pods-HelloPriceTests.release.xcconfig"; path = "Target Support Files/Pods-HelloPriceTests/Pods-HelloPriceTests.release.xcconfig"; sourceTree = "<group>"; };
		C095F473BB7E87ECBFD89631 /* Pods-HelloPriceTests.debug.xcconfig */ = {isa = PBXFileReference; includeInIndex = 1; lastKnownFileType = text.xcconfig; name = "Pods-HelloPriceTests.debug.xcconfig"; path = "Target Support Files/Pods-HelloPriceTests/Pods-HelloPriceTests.debug.xcconfig"; sourceTree = "<group>"; };
		CA146D6B24E2D16D00C85C1C /* RemoteRepository.swift */ = {isa = PBXFileReference; lastKnownFileType = sourcecode.swift; path = RemoteRepository.swift; sourceTree = "<group>"; };
		CA146D6E24E2D17D00C85C1C /* LocalRepository.swift */ = {isa = PBXFileReference; lastKnownFileType = sourcecode.swift; path = LocalRepository.swift; sourceTree = "<group>"; };
		CA146D7024E2E62100C85C1C /* SceneDelegate.swift */ = {isa = PBXFileReference; fileEncoding = 4; lastKnownFileType = sourcecode.swift; path = SceneDelegate.swift; sourceTree = "<group>"; };
		CA31C0AF24A49EE200CF190C /* BaseViewModel.swift */ = {isa = PBXFileReference; lastKnownFileType = sourcecode.swift; path = BaseViewModel.swift; sourceTree = "<group>"; };
		CA31C0B024A49EE200CF190C /* MainViewModel.swift */ = {isa = PBXFileReference; lastKnownFileType = sourcecode.swift; path = MainViewModel.swift; sourceTree = "<group>"; };
		CA33B54024E43412008F558C /* UseCase.swift */ = {isa = PBXFileReference; lastKnownFileType = sourcecode.swift; path = UseCase.swift; sourceTree = "<group>"; };
		CA33B54524E43A47008F558C /* SignInUseCase.swift */ = {isa = PBXFileReference; lastKnownFileType = sourcecode.swift; path = SignInUseCase.swift; sourceTree = "<group>"; };
		CA33B54724E43A6B008F558C /* ShowMyProductListUseCase.swift */ = {isa = PBXFileReference; lastKnownFileType = sourcecode.swift; path = ShowMyProductListUseCase.swift; sourceTree = "<group>"; };
		CA33B54924E43A7C008F558C /* SignUpUseCase.swift */ = {isa = PBXFileReference; lastKnownFileType = sourcecode.swift; path = SignUpUseCase.swift; sourceTree = "<group>"; };
		CA33B54B24E43AB0008F558C /* AddProductUseCase.swift */ = {isa = PBXFileReference; lastKnownFileType = sourcecode.swift; path = AddProductUseCase.swift; sourceTree = "<group>"; };
		CA33B54D24E43ABE008F558C /* SearchProductUseCase.swift */ = {isa = PBXFileReference; lastKnownFileType = sourcecode.swift; path = SearchProductUseCase.swift; sourceTree = "<group>"; };
		CA33B54F24E43AE0008F558C /* SubscribeProductUseCase.swift */ = {isa = PBXFileReference; lastKnownFileType = sourcecode.swift; path = SubscribeProductUseCase.swift; sourceTree = "<group>"; };
		CA33B55124E43B17008F558C /* ShowMyPageUseCase.swift */ = {isa = PBXFileReference; lastKnownFileType = sourcecode.swift; path = ShowMyPageUseCase.swift; sourceTree = "<group>"; };
		CA3B85CE24820F9100F1D863 /* HelloPrice.app */ = {isa = PBXFileReference; explicitFileType = wrapper.application; includeInIndex = 0; path = HelloPrice.app; sourceTree = BUILT_PRODUCTS_DIR; };
		CA3B85D124820F9100F1D863 /* AppDelegate.swift */ = {isa = PBXFileReference; lastKnownFileType = sourcecode.swift; path = AppDelegate.swift; sourceTree = "<group>"; };
		CA3B85D824820F9100F1D863 /* Base */ = {isa = PBXFileReference; lastKnownFileType = file.storyboard; name = Base; path = Base.lproj/Main.storyboard; sourceTree = "<group>"; };
		CA3B85DA24820F9300F1D863 /* Assets.xcassets */ = {isa = PBXFileReference; lastKnownFileType = folder.assetcatalog; path = Assets.xcassets; sourceTree = "<group>"; };
		CA3B85DD24820F9300F1D863 /* Base */ = {isa = PBXFileReference; lastKnownFileType = file.storyboard; name = Base; path = Base.lproj/LaunchScreen.storyboard; sourceTree = "<group>"; };
		CA3B85DF24820F9300F1D863 /* Info.plist */ = {isa = PBXFileReference; lastKnownFileType = text.plist.xml; path = Info.plist; sourceTree = "<group>"; };
		CA3B85E424820F9300F1D863 /* HelloPriceTests.xctest */ = {isa = PBXFileReference; explicitFileType = wrapper.cfbundle; includeInIndex = 0; path = HelloPriceTests.xctest; sourceTree = BUILT_PRODUCTS_DIR; };
		CA3B85E824820F9300F1D863 /* HelloPriceTests.swift */ = {isa = PBXFileReference; lastKnownFileType = sourcecode.swift; path = HelloPriceTests.swift; sourceTree = "<group>"; };
		CA3B85EA24820F9300F1D863 /* Info.plist */ = {isa = PBXFileReference; lastKnownFileType = text.plist.xml; path = Info.plist; sourceTree = "<group>"; };
		CA438795248D1C3700B01A8A /* BottonCircleButton.swift */ = {isa = PBXFileReference; lastKnownFileType = sourcecode.swift; path = BottonCircleButton.swift; sourceTree = "<group>"; };
		CA47DE0E24E6A52B00156AF1 /* ViewModelType.swift */ = {isa = PBXFileReference; lastKnownFileType = sourcecode.swift; path = ViewModelType.swift; sourceTree = "<group>"; };
		CA9D6E6924878C1E00E99B25 /* Product.swift */ = {isa = PBXFileReference; lastKnownFileType = sourcecode.swift; path = Product.swift; sourceTree = "<group>"; };
		CA9D6E6B24878E1B00E99B25 /* NofifiedProduct.swift */ = {isa = PBXFileReference; lastKnownFileType = sourcecode.swift; path = NofifiedProduct.swift; sourceTree = "<group>"; };
		CA9D6E6D2487900300E99B25 /* MainViewController.swift */ = {isa = PBXFileReference; lastKnownFileType = sourcecode.swift; path = MainViewController.swift; sourceTree = "<group>"; };
		CA9D6E6F2488700E00E99B25 /* ViewModelBindableControllerType.swift */ = {isa = PBXFileReference; lastKnownFileType = sourcecode.swift; path = ViewModelBindableControllerType.swift; sourceTree = "<group>"; };
		CA9D6E712488718700E99B25 /* MainViewModel.swift */ = {isa = PBXFileReference; lastKnownFileType = sourcecode.swift; path = MainViewModel.swift; sourceTree = "<group>"; };
		CA9D6E732488754C00E99B25 /* BaseViewModel.swift */ = {isa = PBXFileReference; lastKnownFileType = sourcecode.swift; path = BaseViewModel.swift; sourceTree = "<group>"; };
		CA9D6E752488778200E99B25 /* ProductStorageType.swift */ = {isa = PBXFileReference; lastKnownFileType = sourcecode.swift; path = ProductStorageType.swift; sourceTree = "<group>"; };
		CA9D6E77248879DF00E99B25 /* SceneCoordinatorType.swift */ = {isa = PBXFileReference; lastKnownFileType = sourcecode.swift; path = SceneCoordinatorType.swift; sourceTree = "<group>"; };
		CA9D6E7924887A4300E99B25 /* Scene.swift */ = {isa = PBXFileReference; lastKnownFileType = sourcecode.swift; path = Scene.swift; sourceTree = "<group>"; };
		CA9D6E7D24887E0B00E99B25 /* MyPageViewModel.swift */ = {isa = PBXFileReference; lastKnownFileType = sourcecode.swift; path = MyPageViewModel.swift; sourceTree = "<group>"; };
		CA9D6E7F24887E4500E99B25 /* TransitionModel.swift */ = {isa = PBXFileReference; lastKnownFileType = sourcecode.swift; path = TransitionModel.swift; sourceTree = "<group>"; };
		CA9D6E81248880F400E99B25 /* BaseViewController.swift */ = {isa = PBXFileReference; lastKnownFileType = sourcecode.swift; path = BaseViewController.swift; sourceTree = "<group>"; };
		CA9D6E83248884FF00E99B25 /* SceneCoordinator.swift */ = {isa = PBXFileReference; lastKnownFileType = sourcecode.swift; path = SceneCoordinator.swift; sourceTree = "<group>"; };
		CA9F0F4524A8C15D00C84B50 /* BaseNetwork.swift */ = {isa = PBXFileReference; lastKnownFileType = sourcecode.swift; path = BaseNetwork.swift; sourceTree = "<group>"; };
		D0739BBD313FCC900D0AD69F /* Pods_HelloPrice.framework */ = {isa = PBXFileReference; explicitFileType = wrapper.framework; includeInIndex = 0; path = Pods_HelloPrice.framework; sourceTree = BUILT_PRODUCTS_DIR; };
		E2118FEEB5C4A7D29C9D46C2 /* Pods_HelloPriceTests.framework */ = {isa = PBXFileReference; explicitFileType = wrapper.framework; includeInIndex = 0; path = Pods_HelloPriceTests.framework; sourceTree = BUILT_PRODUCTS_DIR; };
/* End PBXFileReference section */

/* Begin PBXFrameworksBuildPhase section */
		CA3B85CB24820F9100F1D863 /* Frameworks */ = {
			isa = PBXFrameworksBuildPhase;
			buildActionMask = 2147483647;
			files = (
				B0E7FB7C414E6EBC63322E1F /* Pods_HelloPrice.framework in Frameworks */,
			);
			runOnlyForDeploymentPostprocessing = 0;
		};
		CA3B85E124820F9300F1D863 /* Frameworks */ = {
			isa = PBXFrameworksBuildPhase;
			buildActionMask = 2147483647;
			files = (
				0BAD8A9ACAB905AA365E784A /* Pods_HelloPriceTests.framework in Frameworks */,
			);
			runOnlyForDeploymentPostprocessing = 0;
		};
/* End PBXFrameworksBuildPhase section */

/* Begin PBXGroup section */
		3D90CE990312B42B75FE9255 /* Pods */ = {
			isa = PBXGroup;
			children = (
				2D1A1EB17D6B37C7C9873243 /* Pods-HelloPrice.debug.xcconfig */,
				57E9D6A39C5CE377CD9EC596 /* Pods-HelloPrice.release.xcconfig */,
				C095F473BB7E87ECBFD89631 /* Pods-HelloPriceTests.debug.xcconfig */,
				9C0A9CC8FDC13BC1C4C70B69 /* Pods-HelloPriceTests.release.xcconfig */,
			);
			path = Pods;
			sourceTree = "<group>";
		};
		529C4C9A1DCFF84B9D488ED3 /* Frameworks */ = {
			isa = PBXGroup;
			children = (
				D0739BBD313FCC900D0AD69F /* Pods_HelloPrice.framework */,
				E2118FEEB5C4A7D29C9D46C2 /* Pods_HelloPriceTests.framework */,
			);
			name = Frameworks;
			sourceTree = "<group>";
		};
		CA146D6624E2CCDA00C85C1C /* Domain */ = {
			isa = PBXGroup;
			children = (
				CA33B54424E43433008F558C /* UseCases */,
				CA33B54324E4342F008F558C /* Entities */,
				CA33B54224E4342A008F558C /* Common */,
			);
			path = Domain;
			sourceTree = "<group>";
		};
		CA146D6724E2CCE500C85C1C /* Data */ = {
			isa = PBXGroup;
			children = (
				CA9D6E612487875100E99B25 /* DTO */,
				CA9D6E652487877500E99B25 /* Service */,
				CA146D6A24E2D16000C85C1C /* Repository */,
			);
			path = Data;
			sourceTree = "<group>";
		};
		CA146D6824E2CCE800C85C1C /* Presentation */ = {
			isa = PBXGroup;
			children = (
				CA47DE1024E6A74100156AF1 /* Common */,
				CA47DE1124E6A74900156AF1 /* SignInUseCase */,
				CA47DE1224E6A7AB00156AF1 /* SignUpUseCase */,
				CA47DE1324E6A7DB00156AF1 /* ShowMyProductListUseCase */,
				CA47DE1A24E6A82C00156AF1 /* AddProductUseCase */,
				CA47DE1D24E6A84700156AF1 /* SearchProductUseCase */,
				CA47DE2024E6A85E00156AF1 /* SubscribeProductUseCase */,
				CA47DE2124E6A87200156AF1 /* ShowMyPageUseCase */,
			);
			path = Presentation;
			sourceTree = "<group>";
		};
		CA146D6A24E2D16000C85C1C /* Repository */ = {
			isa = PBXGroup;
			children = (
				CA146D6B24E2D16D00C85C1C /* RemoteRepository.swift */,
				CA146D6E24E2D17D00C85C1C /* LocalRepository.swift */,
			);
			path = Repository;
			sourceTree = "<group>";
		};
		CA31C0AA24A49DBC00CF190C /* Recovered References */ = {
			isa = PBXGroup;
			children = (
				CA9D6E732488754C00E99B25 /* BaseViewModel.swift */,
				CA9D6E712488718700E99B25 /* MainViewModel.swift */,
			);
			name = "Recovered References";
			sourceTree = "<group>";
		};
		CA33B54224E4342A008F558C /* Common */ = {
			isa = PBXGroup;
			children = (
				CA33B54024E43412008F558C /* UseCase.swift */,
			);
			path = Common;
			sourceTree = "<group>";
		};
		CA33B54324E4342F008F558C /* Entities */ = {
			isa = PBXGroup;
			children = (
			);
			path = Entities;
			sourceTree = "<group>";
		};
		CA33B54424E43433008F558C /* UseCases */ = {
			isa = PBXGroup;
			children = (
				CA33B54524E43A47008F558C /* SignInUseCase.swift */,
				CA33B54924E43A7C008F558C /* SignUpUseCase.swift */,
				CA33B54724E43A6B008F558C /* ShowMyProductListUseCase.swift */,
				CA33B54B24E43AB0008F558C /* AddProductUseCase.swift */,
				CA33B54D24E43ABE008F558C /* SearchProductUseCase.swift */,
				CA33B54F24E43AE0008F558C /* SubscribeProductUseCase.swift */,
				CA33B55124E43B17008F558C /* ShowMyPageUseCase.swift */,
			);
			path = UseCases;
			sourceTree = "<group>";
		};
		CA3B85C524820F9100F1D863 = {
			isa = PBXGroup;
			children = (
				CA3B85D024820F9100F1D863 /* HelloPrice */,
				CA3B85E724820F9300F1D863 /* HelloPriceTests */,
				CA3B85CF24820F9100F1D863 /* Products */,
				3D90CE990312B42B75FE9255 /* Pods */,
				529C4C9A1DCFF84B9D488ED3 /* Frameworks */,
				CA31C0AA24A49DBC00CF190C /* Recovered References */,
			);
			sourceTree = "<group>";
		};
		CA3B85CF24820F9100F1D863 /* Products */ = {
			isa = PBXGroup;
			children = (
				CA3B85CE24820F9100F1D863 /* HelloPrice.app */,
				CA3B85E424820F9300F1D863 /* HelloPriceTests.xctest */,
			);
			name = Products;
			sourceTree = "<group>";
		};
		CA3B85D024820F9100F1D863 /* HelloPrice */ = {
			isa = PBXGroup;
			children = (
				CA9D6E68248787A700E99B25 /* Coordinator */,
				CA146D6824E2CCE800C85C1C /* Presentation */,
				CA146D6724E2CCE500C85C1C /* Data */,
				CA146D6624E2CCDA00C85C1C /* Domain */,
				CA438793248D1C1900B01A8A /* Util */,
				CA3B85D124820F9100F1D863 /* AppDelegate.swift */,
				CA146D7024E2E62100C85C1C /* SceneDelegate.swift */,
				CA3B85DA24820F9300F1D863 /* Assets.xcassets */,
				CA3B85DF24820F9300F1D863 /* Info.plist */,
			);
			path = HelloPrice;
			sourceTree = "<group>";
		};
		CA3B85E724820F9300F1D863 /* HelloPriceTests */ = {
			isa = PBXGroup;
			children = (
				CA3B85E824820F9300F1D863 /* HelloPriceTests.swift */,
				CA3B85EA24820F9300F1D863 /* Info.plist */,
			);
			path = HelloPriceTests;
			sourceTree = "<group>";
		};
		CA438793248D1C1900B01A8A /* Util */ = {
			isa = PBXGroup;
			children = (
				CA47DE2624E6C48C00156AF1 /* Notification */,
				CA438794248D1C2100B01A8A /* UI */,
			);
			path = Util;
			sourceTree = "<group>";
		};
		CA438794248D1C2100B01A8A /* UI */ = {
			isa = PBXGroup;
			children = (
				CA438795248D1C3700B01A8A /* BottonCircleButton.swift */,
			);
			path = UI;
			sourceTree = "<group>";
		};
		CA47DE1024E6A74100156AF1 /* Common */ = {
			isa = PBXGroup;
			children = (
				CA3B85DC24820F9300F1D863 /* LaunchScreen.storyboard */,
				CA9D6E81248880F400E99B25 /* BaseViewController.swift */,
				CA9D6E6F2488700E00E99B25 /* ViewModelBindableControllerType.swift */,
				CA31C0AF24A49EE200CF190C /* BaseViewModel.swift */,
				CA47DE0E24E6A52B00156AF1 /* ViewModelType.swift */,
			);
			path = Common;
			sourceTree = "<group>";
		};
		CA47DE1124E6A74900156AF1 /* SignInUseCase */ = {
			isa = PBXGroup;
			children = (
				CA47DE1724E6A81B00156AF1 /* View */,
				CA47DE1824E6A81D00156AF1 /* ViewModel */,
			);
			path = SignInUseCase;
			sourceTree = "<group>";
		};
		CA47DE1224E6A7AB00156AF1 /* SignUpUseCase */ = {
			isa = PBXGroup;
			children = (
				CA47DE1624E6A81600156AF1 /* View */,
				CA47DE1924E6A82000156AF1 /* ViewModel */,
			);
			path = SignUpUseCase;
			sourceTree = "<group>";
		};
		CA47DE1324E6A7DB00156AF1 /* ShowMyProductListUseCase */ = {
			isa = PBXGroup;
			children = (
				CA47DE1424E6A7F500156AF1 /* View */,
				CA47DE1524E6A7FB00156AF1 /* ViewModel */,
			);
			path = ShowMyProductListUseCase;
			sourceTree = "<group>";
		};
		CA47DE1424E6A7F500156AF1 /* View */ = {
			isa = PBXGroup;
			children = (
				CA3B85D724820F9100F1D863 /* Main.storyboard */,
				CA9D6E6D2487900300E99B25 /* MainViewController.swift */,
			);
			path = View;
			sourceTree = "<group>";
		};
		CA47DE1524E6A7FB00156AF1 /* ViewModel */ = {
			isa = PBXGroup;
			children = (
				CA31C0B024A49EE200CF190C /* MainViewModel.swift */,
			);
			path = ViewModel;
			sourceTree = "<group>";
		};
		CA47DE1624E6A81600156AF1 /* View */ = {
			isa = PBXGroup;
			children = (
			);
			path = View;
			sourceTree = "<group>";
		};
		CA47DE1724E6A81B00156AF1 /* View */ = {
			isa = PBXGroup;
			children = (
			);
			path = View;
			sourceTree = "<group>";
		};
		CA47DE1824E6A81D00156AF1 /* ViewModel */ = {
			isa = PBXGroup;
			children = (
			);
			path = ViewModel;
			sourceTree = "<group>";
		};
		CA47DE1924E6A82000156AF1 /* ViewModel */ = {
			isa = PBXGroup;
			children = (
			);
			path = ViewModel;
			sourceTree = "<group>";
		};
		CA47DE1A24E6A82C00156AF1 /* AddProductUseCase */ = {
			isa = PBXGroup;
			children = (
				CA47DE1C24E6A84100156AF1 /* View */,
				CA47DE1B24E6A83D00156AF1 /* ViewModel */,
			);
			path = AddProductUseCase;
			sourceTree = "<group>";
		};
		CA47DE1B24E6A83D00156AF1 /* ViewModel */ = {
			isa = PBXGroup;
			children = (
			);
			path = ViewModel;
			sourceTree = "<group>";
		};
		CA47DE1C24E6A84100156AF1 /* View */ = {
			isa = PBXGroup;
			children = (
			);
			path = View;
			sourceTree = "<group>";
		};
		CA47DE1D24E6A84700156AF1 /* SearchProductUseCase */ = {
			isa = PBXGroup;
			children = (
				CA47DE1F24E6A85A00156AF1 /* View */,
				CA47DE1E24E6A85100156AF1 /* ViewModel */,
			);
			path = SearchProductUseCase;
			sourceTree = "<group>";
		};
		CA47DE1E24E6A85100156AF1 /* ViewModel */ = {
			isa = PBXGroup;
			children = (
			);
			path = ViewModel;
			sourceTree = "<group>";
		};
		CA47DE1F24E6A85A00156AF1 /* View */ = {
			isa = PBXGroup;
			children = (
			);
			path = View;
			sourceTree = "<group>";
		};
		CA47DE2024E6A85E00156AF1 /* SubscribeProductUseCase */ = {
			isa = PBXGroup;
			children = (
				CA47DE2524E6A88300156AF1 /* View */,
				CA47DE2424E6A88100156AF1 /* ViewModel */,
			);
			path = SubscribeProductUseCase;
			sourceTree = "<group>";
		};
		CA47DE2124E6A87200156AF1 /* ShowMyPageUseCase */ = {
			isa = PBXGroup;
			children = (
				CA9D6E7D24887E0B00E99B25 /* MyPageViewModel.swift */,
				CA47DE2324E6A87E00156AF1 /* View */,
				CA47DE2224E6A87C00156AF1 /* ViewModel */,
			);
			path = ShowMyPageUseCase;
			sourceTree = "<group>";
		};
		CA47DE2224E6A87C00156AF1 /* ViewModel */ = {
			isa = PBXGroup;
			children = (
			);
			path = ViewModel;
			sourceTree = "<group>";
		};
		CA47DE2324E6A87E00156AF1 /* View */ = {
			isa = PBXGroup;
			children = (
			);
			path = View;
			sourceTree = "<group>";
		};
		CA47DE2424E6A88100156AF1 /* ViewModel */ = {
			isa = PBXGroup;
			children = (
			);
			path = ViewModel;
			sourceTree = "<group>";
		};
		CA47DE2524E6A88300156AF1 /* View */ = {
			isa = PBXGroup;
			children = (
			);
			path = View;
			sourceTree = "<group>";
		};
		CA47DE2624E6C48C00156AF1 /* Notification */ = {
			isa = PBXGroup;
			children = (
			);
			path = Notification;
			sourceTree = "<group>";
		};
		CA9D6E612487875100E99B25 /* DTO */ = {
			isa = PBXGroup;
			children = (
				CA9D6E6924878C1E00E99B25 /* Product.swift */,
				CA9D6E6B24878E1B00E99B25 /* NofifiedProduct.swift */,
			);
			path = DTO;
			sourceTree = "<group>";
		};
		CA9D6E652487877500E99B25 /* Service */ = {
			isa = PBXGroup;
			children = (
				CA9D6E67248787A000E99B25 /* CoreDataStorage */,
				CA9D6E662487879700E99B25 /* MemoryStorage */,
				CA9F0F4424A8C13300C84B50 /* Network */,
				CA9D6E752488778200E99B25 /* ProductStorageType.swift */,
			);
			path = Service;
			sourceTree = "<group>";
		};
		CA9D6E662487879700E99B25 /* MemoryStorage */ = {
			isa = PBXGroup;
			children = (
			);
			path = MemoryStorage;
			sourceTree = "<group>";
		};
		CA9D6E67248787A000E99B25 /* CoreDataStorage */ = {
			isa = PBXGroup;
			children = (
			);
			path = CoreDataStorage;
			sourceTree = "<group>";
		};
		CA9D6E68248787A700E99B25 /* Coordinator */ = {
			isa = PBXGroup;
			children = (
				CA9D6E7F24887E4500E99B25 /* TransitionModel.swift */,
				CA9D6E7924887A4300E99B25 /* Scene.swift */,
				CA9D6E77248879DF00E99B25 /* SceneCoordinatorType.swift */,
				CA9D6E83248884FF00E99B25 /* SceneCoordinator.swift */,
			);
			path = Coordinator;
			sourceTree = "<group>";
		};
		CA9F0F4424A8C13300C84B50 /* Network */ = {
			isa = PBXGroup;
			children = (
				CA9F0F4524A8C15D00C84B50 /* BaseNetwork.swift */,
			);
			path = Network;
			sourceTree = "<group>";
		};
/* End PBXGroup section */

/* Begin PBXNativeTarget section */
		CA3B85CD24820F9100F1D863 /* HelloPrice */ = {
			isa = PBXNativeTarget;
			buildConfigurationList = CA3B85ED24820F9300F1D863 /* Build configuration list for PBXNativeTarget "HelloPrice" */;
			buildPhases = (
				3E16381564078B61B43770F3 /* [CP] Check Pods Manifest.lock */,
				CA3B85CA24820F9100F1D863 /* Sources */,
				CA3B85CB24820F9100F1D863 /* Frameworks */,
				CA3B85CC24820F9100F1D863 /* Resources */,
				20BB040DC178EDE00D172E1A /* [CP] Embed Pods Frameworks */,
			);
			buildRules = (
			);
			dependencies = (
			);
			name = HelloPrice;
			productName = HelloPrice;
			productReference = CA3B85CE24820F9100F1D863 /* HelloPrice.app */;
			productType = "com.apple.product-type.application";
		};
		CA3B85E324820F9300F1D863 /* HelloPriceTests */ = {
			isa = PBXNativeTarget;
			buildConfigurationList = CA3B85F024820F9300F1D863 /* Build configuration list for PBXNativeTarget "HelloPriceTests" */;
			buildPhases = (
				C8D8A647F9B952FD1FF5C51B /* [CP] Check Pods Manifest.lock */,
				CA3B85E024820F9300F1D863 /* Sources */,
				CA3B85E124820F9300F1D863 /* Frameworks */,
				CA3B85E224820F9300F1D863 /* Resources */,
			);
			buildRules = (
			);
			dependencies = (
				CA3B85E624820F9300F1D863 /* PBXTargetDependency */,
			);
			name = HelloPriceTests;
			productName = HelloPriceTests;
			productReference = CA3B85E424820F9300F1D863 /* HelloPriceTests.xctest */;
			productType = "com.apple.product-type.bundle.unit-test";
		};
/* End PBXNativeTarget section */

/* Begin PBXProject section */
		CA3B85C624820F9100F1D863 /* Project object */ = {
			isa = PBXProject;
			attributes = {
				LastSwiftUpdateCheck = 1140;
				LastUpgradeCheck = 1140;
				ORGANIZATIONNAME = besteyes;
				TargetAttributes = {
					CA3B85CD24820F9100F1D863 = {
						CreatedOnToolsVersion = 11.4.1;
					};
					CA3B85E324820F9300F1D863 = {
						CreatedOnToolsVersion = 11.4.1;
						TestTargetID = CA3B85CD24820F9100F1D863;
					};
				};
			};
			buildConfigurationList = CA3B85C924820F9100F1D863 /* Build configuration list for PBXProject "HelloPrice" */;
			compatibilityVersion = "Xcode 9.3";
			developmentRegion = en;
			hasScannedForEncodings = 0;
			knownRegions = (
				en,
				Base,
			);
			mainGroup = CA3B85C524820F9100F1D863;
			productRefGroup = CA3B85CF24820F9100F1D863 /* Products */;
			projectDirPath = "";
			projectRoot = "";
			targets = (
				CA3B85CD24820F9100F1D863 /* HelloPrice */,
				CA3B85E324820F9300F1D863 /* HelloPriceTests */,
			);
		};
/* End PBXProject section */

/* Begin PBXResourcesBuildPhase section */
		CA3B85CC24820F9100F1D863 /* Resources */ = {
			isa = PBXResourcesBuildPhase;
			buildActionMask = 2147483647;
			files = (
				CA3B85DE24820F9300F1D863 /* LaunchScreen.storyboard in Resources */,
				CA3B85DB24820F9300F1D863 /* Assets.xcassets in Resources */,
				CA3B85D924820F9100F1D863 /* Main.storyboard in Resources */,
			);
			runOnlyForDeploymentPostprocessing = 0;
		};
		CA3B85E224820F9300F1D863 /* Resources */ = {
			isa = PBXResourcesBuildPhase;
			buildActionMask = 2147483647;
			files = (
			);
			runOnlyForDeploymentPostprocessing = 0;
		};
/* End PBXResourcesBuildPhase section */

/* Begin PBXShellScriptBuildPhase section */
		20BB040DC178EDE00D172E1A /* [CP] Embed Pods Frameworks */ = {
			isa = PBXShellScriptBuildPhase;
			buildActionMask = 2147483647;
			files = (
			);
			inputFileListPaths = (
				"${PODS_ROOT}/Target Support Files/Pods-HelloPrice/Pods-HelloPrice-frameworks-${CONFIGURATION}-input-files.xcfilelist",
			);
			name = "[CP] Embed Pods Frameworks";
			outputFileListPaths = (
				"${PODS_ROOT}/Target Support Files/Pods-HelloPrice/Pods-HelloPrice-frameworks-${CONFIGURATION}-output-files.xcfilelist",
			);
			runOnlyForDeploymentPostprocessing = 0;
			shellPath = /bin/sh;
			shellScript = "\"${PODS_ROOT}/Target Support Files/Pods-HelloPrice/Pods-HelloPrice-frameworks.sh\"\n";
			showEnvVarsInLog = 0;
		};
		3E16381564078B61B43770F3 /* [CP] Check Pods Manifest.lock */ = {
			isa = PBXShellScriptBuildPhase;
			buildActionMask = 2147483647;
			files = (
			);
			inputFileListPaths = (
			);
			inputPaths = (
				"${PODS_PODFILE_DIR_PATH}/Podfile.lock",
				"${PODS_ROOT}/Manifest.lock",
			);
			name = "[CP] Check Pods Manifest.lock";
			outputFileListPaths = (
			);
			outputPaths = (
				"$(DERIVED_FILE_DIR)/Pods-HelloPrice-checkManifestLockResult.txt",
			);
			runOnlyForDeploymentPostprocessing = 0;
			shellPath = /bin/sh;
			shellScript = "diff \"${PODS_PODFILE_DIR_PATH}/Podfile.lock\" \"${PODS_ROOT}/Manifest.lock\" > /dev/null\nif [ $? != 0 ] ; then\n    # print error to STDERR\n    echo \"error: The sandbox is not in sync with the Podfile.lock. Run 'pod install' or update your CocoaPods installation.\" >&2\n    exit 1\nfi\n# This output is used by Xcode 'outputs' to avoid re-running this script phase.\necho \"SUCCESS\" > \"${SCRIPT_OUTPUT_FILE_0}\"\n";
			showEnvVarsInLog = 0;
		};
		C8D8A647F9B952FD1FF5C51B /* [CP] Check Pods Manifest.lock */ = {
			isa = PBXShellScriptBuildPhase;
			buildActionMask = 2147483647;
			files = (
			);
			inputFileListPaths = (
			);
			inputPaths = (
				"${PODS_PODFILE_DIR_PATH}/Podfile.lock",
				"${PODS_ROOT}/Manifest.lock",
			);
			name = "[CP] Check Pods Manifest.lock";
			outputFileListPaths = (
			);
			outputPaths = (
				"$(DERIVED_FILE_DIR)/Pods-HelloPriceTests-checkManifestLockResult.txt",
			);
			runOnlyForDeploymentPostprocessing = 0;
			shellPath = /bin/sh;
			shellScript = "diff \"${PODS_PODFILE_DIR_PATH}/Podfile.lock\" \"${PODS_ROOT}/Manifest.lock\" > /dev/null\nif [ $? != 0 ] ; then\n    # print error to STDERR\n    echo \"error: The sandbox is not in sync with the Podfile.lock. Run 'pod install' or update your CocoaPods installation.\" >&2\n    exit 1\nfi\n# This output is used by Xcode 'outputs' to avoid re-running this script phase.\necho \"SUCCESS\" > \"${SCRIPT_OUTPUT_FILE_0}\"\n";
			showEnvVarsInLog = 0;
		};
/* End PBXShellScriptBuildPhase section */

/* Begin PBXSourcesBuildPhase section */
		CA3B85CA24820F9100F1D863 /* Sources */ = {
			isa = PBXSourcesBuildPhase;
			buildActionMask = 2147483647;
			files = (
				CA9D6E702488700E00E99B25 /* ViewModelBindableControllerType.swift in Sources */,
				CA33B55024E43AE0008F558C /* SubscribeProductUseCase.swift in Sources */,
				CA438796248D1C3700B01A8A /* BottonCircleButton.swift in Sources */,
				CA3B85D224820F9100F1D863 /* AppDelegate.swift in Sources */,
				CA33B54824E43A6B008F558C /* ShowMyProductListUseCase.swift in Sources */,
				CA33B54624E43A47008F558C /* SignInUseCase.swift in Sources */,
				CA47DE0F24E6A52B00156AF1 /* ViewModelType.swift in Sources */,
				CA33B54A24E43A7C008F558C /* SignUpUseCase.swift in Sources */,
				CA33B54C24E43AB0008F558C /* AddProductUseCase.swift in Sources */,
				CA9D6E7A24887A4300E99B25 /* Scene.swift in Sources */,
				CA9D6E78248879DF00E99B25 /* SceneCoordinatorType.swift in Sources */,
				CA9D6E82248880F400E99B25 /* BaseViewController.swift in Sources */,
				CA146D6C24E2D16D00C85C1C /* RemoteRepository.swift in Sources */,
				CA9D6E84248884FF00E99B25 /* SceneCoordinator.swift in Sources */,
				CA9D6E6C24878E1B00E99B25 /* NofifiedProduct.swift in Sources */,
				CA9D6E7E24887E0B00E99B25 /* MyPageViewModel.swift in Sources */,
				CA146D6F24E2D17D00C85C1C /* LocalRepository.swift in Sources */,
				CA9F0F4624A8C15D00C84B50 /* BaseNetwork.swift in Sources */,
				CA9D6E6A24878C1E00E99B25 /* Product.swift in Sources */,
				CA33B55224E43B17008F558C /* ShowMyPageUseCase.swift in Sources */,
				CA31C0B124A49F9600CF190C /* BaseViewModel.swift in Sources */,
				CA146D7124E2E62100C85C1C /* SceneDelegate.swift in Sources */,
				CA9D6E8024887E4500E99B25 /* TransitionModel.swift in Sources */,
				CA9D6E762488778200E99B25 /* ProductStorageType.swift in Sources */,
				CA33B54124E43412008F558C /* UseCase.swift in Sources */,
				CA9D6E6E2487900300E99B25 /* MainViewController.swift in Sources */,
				CA31C0B224A49F9600CF190C /* MainViewModel.swift in Sources */,
				CA33B54E24E43ABE008F558C /* SearchProductUseCase.swift in Sources */,
			);
			runOnlyForDeploymentPostprocessing = 0;
		};
		CA3B85E024820F9300F1D863 /* Sources */ = {
			isa = PBXSourcesBuildPhase;
			buildActionMask = 2147483647;
			files = (
				CA3B85E924820F9300F1D863 /* HelloPriceTests.swift in Sources */,
			);
			runOnlyForDeploymentPostprocessing = 0;
		};
/* End PBXSourcesBuildPhase section */

/* Begin PBXTargetDependency section */
		CA3B85E624820F9300F1D863 /* PBXTargetDependency */ = {
			isa = PBXTargetDependency;
			target = CA3B85CD24820F9100F1D863 /* HelloPrice */;
			targetProxy = CA3B85E524820F9300F1D863 /* PBXContainerItemProxy */;
		};
/* End PBXTargetDependency section */

/* Begin PBXVariantGroup section */
		CA3B85D724820F9100F1D863 /* Main.storyboard */ = {
			isa = PBXVariantGroup;
			children = (
				CA3B85D824820F9100F1D863 /* Base */,
			);
			name = Main.storyboard;
			sourceTree = "<group>";
		};
		CA3B85DC24820F9300F1D863 /* LaunchScreen.storyboard */ = {
			isa = PBXVariantGroup;
			children = (
				CA3B85DD24820F9300F1D863 /* Base */,
			);
			name = LaunchScreen.storyboard;
			sourceTree = "<group>";
		};
/* End PBXVariantGroup section */

/* Begin XCBuildConfiguration section */
		CA3B85EB24820F9300F1D863 /* Debug */ = {
			isa = XCBuildConfiguration;
			buildSettings = {
				ALWAYS_SEARCH_USER_PATHS = NO;
				CLANG_ANALYZER_NONNULL = YES;
				CLANG_ANALYZER_NUMBER_OBJECT_CONVERSION = YES_AGGRESSIVE;
				CLANG_CXX_LANGUAGE_STANDARD = "gnu++14";
				CLANG_CXX_LIBRARY = "libc++";
				CLANG_ENABLE_MODULES = YES;
				CLANG_ENABLE_OBJC_ARC = YES;
				CLANG_ENABLE_OBJC_WEAK = YES;
				CLANG_WARN_BLOCK_CAPTURE_AUTORELEASING = YES;
				CLANG_WARN_BOOL_CONVERSION = YES;
				CLANG_WARN_COMMA = YES;
				CLANG_WARN_CONSTANT_CONVERSION = YES;
				CLANG_WARN_DEPRECATED_OBJC_IMPLEMENTATIONS = YES;
				CLANG_WARN_DIRECT_OBJC_ISA_USAGE = YES_ERROR;
				CLANG_WARN_DOCUMENTATION_COMMENTS = YES;
				CLANG_WARN_EMPTY_BODY = YES;
				CLANG_WARN_ENUM_CONVERSION = YES;
				CLANG_WARN_INFINITE_RECURSION = YES;
				CLANG_WARN_INT_CONVERSION = YES;
				CLANG_WARN_NON_LITERAL_NULL_CONVERSION = YES;
				CLANG_WARN_OBJC_IMPLICIT_RETAIN_SELF = YES;
				CLANG_WARN_OBJC_LITERAL_CONVERSION = YES;
				CLANG_WARN_OBJC_ROOT_CLASS = YES_ERROR;
				CLANG_WARN_RANGE_LOOP_ANALYSIS = YES;
				CLANG_WARN_STRICT_PROTOTYPES = YES;
				CLANG_WARN_SUSPICIOUS_MOVE = YES;
				CLANG_WARN_UNGUARDED_AVAILABILITY = YES_AGGRESSIVE;
				CLANG_WARN_UNREACHABLE_CODE = YES;
				CLANG_WARN__DUPLICATE_METHOD_MATCH = YES;
				COPY_PHASE_STRIP = NO;
				DEBUG_INFORMATION_FORMAT = dwarf;
				ENABLE_STRICT_OBJC_MSGSEND = YES;
				ENABLE_TESTABILITY = YES;
				GCC_C_LANGUAGE_STANDARD = gnu11;
				GCC_DYNAMIC_NO_PIC = NO;
				GCC_NO_COMMON_BLOCKS = YES;
				GCC_OPTIMIZATION_LEVEL = 0;
				GCC_PREPROCESSOR_DEFINITIONS = (
					"DEBUG=1",
					"$(inherited)",
				);
				GCC_WARN_64_TO_32_BIT_CONVERSION = YES;
				GCC_WARN_ABOUT_RETURN_TYPE = YES_ERROR;
				GCC_WARN_UNDECLARED_SELECTOR = YES;
				GCC_WARN_UNINITIALIZED_AUTOS = YES_AGGRESSIVE;
				GCC_WARN_UNUSED_FUNCTION = YES;
				GCC_WARN_UNUSED_VARIABLE = YES;
				IPHONEOS_DEPLOYMENT_TARGET = 13.4;
				MTL_ENABLE_DEBUG_INFO = INCLUDE_SOURCE;
				MTL_FAST_MATH = YES;
				ONLY_ACTIVE_ARCH = YES;
				SDKROOT = iphoneos;
				SWIFT_ACTIVE_COMPILATION_CONDITIONS = DEBUG;
				SWIFT_OPTIMIZATION_LEVEL = "-Onone";
			};
			name = Debug;
		};
		CA3B85EC24820F9300F1D863 /* Release */ = {
			isa = XCBuildConfiguration;
			buildSettings = {
				ALWAYS_SEARCH_USER_PATHS = NO;
				CLANG_ANALYZER_NONNULL = YES;
				CLANG_ANALYZER_NUMBER_OBJECT_CONVERSION = YES_AGGRESSIVE;
				CLANG_CXX_LANGUAGE_STANDARD = "gnu++14";
				CLANG_CXX_LIBRARY = "libc++";
				CLANG_ENABLE_MODULES = YES;
				CLANG_ENABLE_OBJC_ARC = YES;
				CLANG_ENABLE_OBJC_WEAK = YES;
				CLANG_WARN_BLOCK_CAPTURE_AUTORELEASING = YES;
				CLANG_WARN_BOOL_CONVERSION = YES;
				CLANG_WARN_COMMA = YES;
				CLANG_WARN_CONSTANT_CONVERSION = YES;
				CLANG_WARN_DEPRECATED_OBJC_IMPLEMENTATIONS = YES;
				CLANG_WARN_DIRECT_OBJC_ISA_USAGE = YES_ERROR;
				CLANG_WARN_DOCUMENTATION_COMMENTS = YES;
				CLANG_WARN_EMPTY_BODY = YES;
				CLANG_WARN_ENUM_CONVERSION = YES;
				CLANG_WARN_INFINITE_RECURSION = YES;
				CLANG_WARN_INT_CONVERSION = YES;
				CLANG_WARN_NON_LITERAL_NULL_CONVERSION = YES;
				CLANG_WARN_OBJC_IMPLICIT_RETAIN_SELF = YES;
				CLANG_WARN_OBJC_LITERAL_CONVERSION = YES;
				CLANG_WARN_OBJC_ROOT_CLASS = YES_ERROR;
				CLANG_WARN_RANGE_LOOP_ANALYSIS = YES;
				CLANG_WARN_STRICT_PROTOTYPES = YES;
				CLANG_WARN_SUSPICIOUS_MOVE = YES;
				CLANG_WARN_UNGUARDED_AVAILABILITY = YES_AGGRESSIVE;
				CLANG_WARN_UNREACHABLE_CODE = YES;
				CLANG_WARN__DUPLICATE_METHOD_MATCH = YES;
				COPY_PHASE_STRIP = NO;
				DEBUG_INFORMATION_FORMAT = "dwarf-with-dsym";
				ENABLE_NS_ASSERTIONS = NO;
				ENABLE_STRICT_OBJC_MSGSEND = YES;
				GCC_C_LANGUAGE_STANDARD = gnu11;
				GCC_NO_COMMON_BLOCKS = YES;
				GCC_WARN_64_TO_32_BIT_CONVERSION = YES;
				GCC_WARN_ABOUT_RETURN_TYPE = YES_ERROR;
				GCC_WARN_UNDECLARED_SELECTOR = YES;
				GCC_WARN_UNINITIALIZED_AUTOS = YES_AGGRESSIVE;
				GCC_WARN_UNUSED_FUNCTION = YES;
				GCC_WARN_UNUSED_VARIABLE = YES;
				IPHONEOS_DEPLOYMENT_TARGET = 13.4;
				MTL_ENABLE_DEBUG_INFO = NO;
				MTL_FAST_MATH = YES;
				SDKROOT = iphoneos;
				SWIFT_COMPILATION_MODE = wholemodule;
				SWIFT_OPTIMIZATION_LEVEL = "-O";
				VALIDATE_PRODUCT = YES;
			};
			name = Release;
		};
		CA3B85EE24820F9300F1D863 /* Debug */ = {
			isa = XCBuildConfiguration;
			baseConfigurationReference = 2D1A1EB17D6B37C7C9873243 /* Pods-HelloPrice.debug.xcconfig */;
			buildSettings = {
				ASSETCATALOG_COMPILER_APPICON_NAME = AppIcon;
				CODE_SIGN_STYLE = Automatic;
				DEVELOPMENT_TEAM = HGQ9YZ4HTR;
				INFOPLIST_FILE = HelloPrice/Info.plist;
				IPHONEOS_DEPLOYMENT_TARGET = 12.0;
				LD_RUNPATH_SEARCH_PATHS = (
					"$(inherited)",
					"@executable_path/Frameworks",
				);
				MARKETING_VERSION = 1.0.0;
				PRODUCT_BUNDLE_IDENTIFIER = com.besteyes.HelloPrice;
				PRODUCT_NAME = "$(TARGET_NAME)";
				SWIFT_VERSION = 5.0;
				TARGETED_DEVICE_FAMILY = "1,2";
			};
			name = Debug;
		};
		CA3B85EF24820F9300F1D863 /* Release */ = {
			isa = XCBuildConfiguration;
			baseConfigurationReference = 57E9D6A39C5CE377CD9EC596 /* Pods-HelloPrice.release.xcconfig */;
			buildSettings = {
				ASSETCATALOG_COMPILER_APPICON_NAME = AppIcon;
				CODE_SIGN_STYLE = Automatic;
				DEVELOPMENT_TEAM = HGQ9YZ4HTR;
				INFOPLIST_FILE = HelloPrice/Info.plist;
				IPHONEOS_DEPLOYMENT_TARGET = 12.0;
				LD_RUNPATH_SEARCH_PATHS = (
					"$(inherited)",
					"@executable_path/Frameworks",
				);
				MARKETING_VERSION = 1.0.0;
				PRODUCT_BUNDLE_IDENTIFIER = com.besteyes.HelloPrice;
				PRODUCT_NAME = "$(TARGET_NAME)";
				SWIFT_VERSION = 5.0;
				TARGETED_DEVICE_FAMILY = "1,2";
			};
			name = Release;
		};
		CA3B85F124820F9300F1D863 /* Debug */ = {
			isa = XCBuildConfiguration;
			baseConfigurationReference = C095F473BB7E87ECBFD89631 /* Pods-HelloPriceTests.debug.xcconfig */;
			buildSettings = {
				ALWAYS_EMBED_SWIFT_STANDARD_LIBRARIES = YES;
				BUNDLE_LOADER = "$(TEST_HOST)";
				CODE_SIGN_STYLE = Automatic;
				DEVELOPMENT_TEAM = HGQ9YZ4HTR;
				INFOPLIST_FILE = HelloPriceTests/Info.plist;
				IPHONEOS_DEPLOYMENT_TARGET = 13.4;
				LD_RUNPATH_SEARCH_PATHS = (
					"$(inherited)",
					"@executable_path/Frameworks",
					"@loader_path/Frameworks",
				);
				PRODUCT_BUNDLE_IDENTIFIER = com.besteyes.HelloPriceTests;
				PRODUCT_NAME = "$(TARGET_NAME)";
				SWIFT_VERSION = 5.0;
				TARGETED_DEVICE_FAMILY = "1,2";
				TEST_HOST = "$(BUILT_PRODUCTS_DIR)/HelloPrice.app/HelloPrice";
			};
			name = Debug;
		};
		CA3B85F224820F9300F1D863 /* Release */ = {
			isa = XCBuildConfiguration;
			baseConfigurationReference = 9C0A9CC8FDC13BC1C4C70B69 /* Pods-HelloPriceTests.release.xcconfig */;
			buildSettings = {
				ALWAYS_EMBED_SWIFT_STANDARD_LIBRARIES = YES;
				BUNDLE_LOADER = "$(TEST_HOST)";
				CODE_SIGN_STYLE = Automatic;
				DEVELOPMENT_TEAM = HGQ9YZ4HTR;
				INFOPLIST_FILE = HelloPriceTests/Info.plist;
				IPHONEOS_DEPLOYMENT_TARGET = 13.4;
				LD_RUNPATH_SEARCH_PATHS = (
					"$(inherited)",
					"@executable_path/Frameworks",
					"@loader_path/Frameworks",
				);
				PRODUCT_BUNDLE_IDENTIFIER = com.besteyes.HelloPriceTests;
				PRODUCT_NAME = "$(TARGET_NAME)";
				SWIFT_VERSION = 5.0;
				TARGETED_DEVICE_FAMILY = "1,2";
				TEST_HOST = "$(BUILT_PRODUCTS_DIR)/HelloPrice.app/HelloPrice";
			};
			name = Release;
		};
/* End XCBuildConfiguration section */

/* Begin XCConfigurationList section */
		CA3B85C924820F9100F1D863 /* Build configuration list for PBXProject "HelloPrice" */ = {
			isa = XCConfigurationList;
			buildConfigurations = (
				CA3B85EB24820F9300F1D863 /* Debug */,
				CA3B85EC24820F9300F1D863 /* Release */,
			);
			defaultConfigurationIsVisible = 0;
			defaultConfigurationName = Release;
		};
		CA3B85ED24820F9300F1D863 /* Build configuration list for PBXNativeTarget "HelloPrice" */ = {
			isa = XCConfigurationList;
			buildConfigurations = (
				CA3B85EE24820F9300F1D863 /* Debug */,
				CA3B85EF24820F9300F1D863 /* Release */,
			);
			defaultConfigurationIsVisible = 0;
			defaultConfigurationName = Release;
		};
		CA3B85F024820F9300F1D863 /* Build configuration list for PBXNativeTarget "HelloPriceTests" */ = {
			isa = XCConfigurationList;
			buildConfigurations = (
				CA3B85F124820F9300F1D863 /* Debug */,
				CA3B85F224820F9300F1D863 /* Release */,
			);
			defaultConfigurationIsVisible = 0;
			defaultConfigurationName = Release;
		};
/* End XCConfigurationList section */
	};
	rootObject = CA3B85C624820F9100F1D863 /* Project object */;
}
