// !$*UTF8*$!
{
	archiveVersion = 1;
	classes = {
	};
	objectVersion = 50;
	objects = {

/* Begin PBXBuildFile section */
		0BAD8A9ACAB905AA365E784A /* Pods_HelloPriceTests.framework in Frameworks */ = {isa = PBXBuildFile; fileRef = E2118FEEB5C4A7D29C9D46C2 /* Pods_HelloPriceTests.framework */; };
		B0E7FB7C414E6EBC63322E1F /* Pods_HelloPrice.framework in Frameworks */ = {isa = PBXBuildFile; fileRef = D0739BBD313FCC900D0AD69F /* Pods_HelloPrice.framework */; };
		CA3B85D224820F9100F1D863 /* AppDelegate.swift in Sources */ = {isa = PBXBuildFile; fileRef = CA3B85D124820F9100F1D863 /* AppDelegate.swift */; };
		CA3B85D624820F9100F1D863 /* ViewController.swift in Sources */ = {isa = PBXBuildFile; fileRef = CA3B85D524820F9100F1D863 /* ViewController.swift */; };
		CA3B85D924820F9100F1D863 /* Main.storyboard in Resources */ = {isa = PBXBuildFile; fileRef = CA3B85D724820F9100F1D863 /* Main.storyboard */; };
		CA3B85DB24820F9300F1D863 /* Assets.xcassets in Resources */ = {isa = PBXBuildFile; fileRef = CA3B85DA24820F9300F1D863 /* Assets.xcassets */; };
		CA3B85DE24820F9300F1D863 /* LaunchScreen.storyboard in Resources */ = {isa = PBXBuildFile; fileRef = CA3B85DC24820F9300F1D863 /* LaunchScreen.storyboard */; };
		CA3B85E924820F9300F1D863 /* HelloPriceTests.swift in Sources */ = {isa = PBXBuildFile; fileRef = CA3B85E824820F9300F1D863 /* HelloPriceTests.swift */; };
/* End PBXBuildFile section */

/* Begin PBXContainerItemProxy section */
		CA3B85E524820F9300F1D863 /* PBXContainerItemProxy */ = {
			isa = PBXContainerItemProxy;
			containerPortal = CA3B85C624820F9100F1D863 /* Project object */;
			proxyType = 1;
			remoteGlobalIDString = CA3B85CD24820F9100F1D863;
			remoteInfo = HelloPrice;
		};
/* End PBXContainerItemProxy section */

/* Begin PBXFileReference section */
		2D1A1EB17D6B37C7C9873243 /* Pods-HelloPrice.debug.xcconfig */ = {isa = PBXFileReference; includeInIndex = 1; lastKnownFileType = text.xcconfig; name = "Pods-HelloPrice.debug.xcconfig"; path = "Target Support Files/Pods-HelloPrice/Pods-HelloPrice.debug.xcconfig"; sourceTree = "<group>"; };
		57E9D6A39C5CE377CD9EC596 /* Pods-HelloPrice.release.xcconfig */ = {isa = PBXFileReference; includeInIndex = 1; lastKnownFileType = text.xcconfig; name = "Pods-HelloPrice.release.xcconfig"; path = "Target Support Files/Pods-HelloPrice/Pods-HelloPrice.release.xcconfig"; sourceTree = "<group>"; };
		9C0A9CC8FDC13BC1C4C70B69 /* Pods-HelloPriceTests.release.xcconfig */ = {isa = PBXFileReference; includeInIndex = 1; lastKnownFileType = text.xcconfig; name = "Pods-HelloPriceTests.release.xcconfig"; path = "Target Support Files/Pods-HelloPriceTests/Pods-HelloPriceTests.release.xcconfig"; sourceTree = "<group>"; };
		C095F473BB7E87ECBFD89631 /* Pods-HelloPriceTests.debug.xcconfig */ = {isa = PBXFileReference; includeInIndex = 1; lastKnownFileType = text.xcconfig; name = "Pods-HelloPriceTests.debug.xcconfig"; path = "Target Support Files/Pods-HelloPriceTests/Pods-HelloPriceTests.debug.xcconfig"; sourceTree = "<group>"; };
		CA3B85CE24820F9100F1D863 /* HelloPrice.app */ = {isa = PBXFileReference; explicitFileType = wrapper.application; includeInIndex = 0; path = HelloPrice.app; sourceTree = BUILT_PRODUCTS_DIR; };
		CA3B85D124820F9100F1D863 /* AppDelegate.swift */ = {isa = PBXFileReference; lastKnownFileType = sourcecode.swift; path = AppDelegate.swift; sourceTree = "<group>"; };
		CA3B85D524820F9100F1D863 /* ViewController.swift */ = {isa = PBXFileReference; lastKnownFileType = sourcecode.swift; path = ViewController.swift; sourceTree = "<group>"; };
		CA3B85D824820F9100F1D863 /* Base */ = {isa = PBXFileReference; lastKnownFileType = file.storyboard; name = Base; path = Base.lproj/Main.storyboard; sourceTree = "<group>"; };
		CA3B85DA24820F9300F1D863 /* Assets.xcassets */ = {isa = PBXFileReference; lastKnownFileType = folder.assetcatalog; path = Assets.xcassets; sourceTree = "<group>"; };
		CA3B85DD24820F9300F1D863 /* Base */ = {isa = PBXFileReference; lastKnownFileType = file.storyboard; name = Base; path = Base.lproj/LaunchScreen.storyboard; sourceTree = "<group>"; };
		CA3B85DF24820F9300F1D863 /* Info.plist */ = {isa = PBXFileReference; lastKnownFileType = text.plist.xml; path = Info.plist; sourceTree = "<group>"; };
		CA3B85E424820F9300F1D863 /* HelloPriceTests.xctest */ = {isa = PBXFileReference; explicitFileType = wrapper.cfbundle; includeInIndex = 0; path = HelloPriceTests.xctest; sourceTree = BUILT_PRODUCTS_DIR; };
		CA3B85E824820F9300F1D863 /* HelloPriceTests.swift */ = {isa = PBXFileReference; lastKnownFileType = sourcecode.swift; path = HelloPriceTests.swift; sourceTree = "<group>"; };
		CA3B85EA24820F9300F1D863 /* Info.plist */ = {isa = PBXFileReference; lastKnownFileType = text.plist.xml; path = Info.plist; sourceTree = "<group>"; };
		D0739BBD313FCC900D0AD69F /* Pods_HelloPrice.framework */ = {isa = PBXFileReference; explicitFileType = wrapper.framework; includeInIndex = 0; path = Pods_HelloPrice.framework; sourceTree = BUILT_PRODUCTS_DIR; };
		E2118FEEB5C4A7D29C9D46C2 /* Pods_HelloPriceTests.framework */ = {isa = PBXFileReference; explicitFileType = wrapper.framework; includeInIndex = 0; path = Pods_HelloPriceTests.framework; sourceTree = BUILT_PRODUCTS_DIR; };
/* End PBXFileReference section */

/* Begin PBXFrameworksBuildPhase section */
		CA3B85CB24820F9100F1D863 /* Frameworks */ = {
			isa = PBXFrameworksBuildPhase;
			buildActionMask = 2147483647;
			files = (
				B0E7FB7C414E6EBC63322E1F /* Pods_HelloPrice.framework in Frameworks */,
			);
			runOnlyForDeploymentPostprocessing = 0;
		};
		CA3B85E124820F9300F1D863 /* Frameworks */ = {
			isa = PBXFrameworksBuildPhase;
			buildActionMask = 2147483647;
			files = (
				0BAD8A9ACAB905AA365E784A /* Pods_HelloPriceTests.framework in Frameworks */,
			);
			runOnlyForDeploymentPostprocessing = 0;
		};
/* End PBXFrameworksBuildPhase section */

/* Begin PBXGroup section */
		3D90CE990312B42B75FE9255 /* Pods */ = {
			isa = PBXGroup;
			children = (
				2D1A1EB17D6B37C7C9873243 /* Pods-HelloPrice.debug.xcconfig */,
				57E9D6A39C5CE377CD9EC596 /* Pods-HelloPrice.release.xcconfig */,
				C095F473BB7E87ECBFD89631 /* Pods-HelloPriceTests.debug.xcconfig */,
				9C0A9CC8FDC13BC1C4C70B69 /* Pods-HelloPriceTests.release.xcconfig */,
			);
			name = Pods;
			path = Pods;
			sourceTree = "<group>";
		};
		529C4C9A1DCFF84B9D488ED3 /* Frameworks */ = {
			isa = PBXGroup;
			children = (
				D0739BBD313FCC900D0AD69F /* Pods_HelloPrice.framework */,
				E2118FEEB5C4A7D29C9D46C2 /* Pods_HelloPriceTests.framework */,
			);
			name = Frameworks;
			sourceTree = "<group>";
		};
		CA3B85C524820F9100F1D863 = {
			isa = PBXGroup;
			children = (
				CA3B85D024820F9100F1D863 /* HelloPrice */,
				CA3B85E724820F9300F1D863 /* HelloPriceTests */,
				CA3B85CF24820F9100F1D863 /* Products */,
				3D90CE990312B42B75FE9255 /* Pods */,
				529C4C9A1DCFF84B9D488ED3 /* Frameworks */,
			);
			sourceTree = "<group>";
		};
		CA3B85CF24820F9100F1D863 /* Products */ = {
			isa = PBXGroup;
			children = (
				CA3B85CE24820F9100F1D863 /* HelloPrice.app */,
				CA3B85E424820F9300F1D863 /* HelloPriceTests.xctest */,
			);
			name = Products;
			sourceTree = "<group>";
		};
		CA3B85D024820F9100F1D863 /* HelloPrice */ = {
			isa = PBXGroup;
			children = (
				CA3B85D124820F9100F1D863 /* AppDelegate.swift */,
				CA3B85D524820F9100F1D863 /* ViewController.swift */,
				CA3B85D724820F9100F1D863 /* Main.storyboard */,
				CA3B85DA24820F9300F1D863 /* Assets.xcassets */,
				CA3B85DC24820F9300F1D863 /* LaunchScreen.storyboard */,
				CA3B85DF24820F9300F1D863 /* Info.plist */,
			);
			path = HelloPrice;
			sourceTree = "<group>";
		};
		CA3B85E724820F9300F1D863 /* HelloPriceTests */ = {
			isa = PBXGroup;
			children = (
				CA3B85E824820F9300F1D863 /* HelloPriceTests.swift */,
				CA3B85EA24820F9300F1D863 /* Info.plist */,
			);
			path = HelloPriceTests;
			sourceTree = "<group>";
		};
/* End PBXGroup section */

/* Begin PBXNativeTarget section */
		CA3B85CD24820F9100F1D863 /* HelloPrice */ = {
			isa = PBXNativeTarget;
			buildConfigurationList = CA3B85ED24820F9300F1D863 /* Build configuration list for PBXNativeTarget "HelloPrice" */;
			buildPhases = (
				3E16381564078B61B43770F3 /* [CP] Check Pods Manifest.lock */,
				CA3B85CA24820F9100F1D863 /* Sources */,
				CA3B85CB24820F9100F1D863 /* Frameworks */,
				CA3B85CC24820F9100F1D863 /* Resources */,
				20BB040DC178EDE00D172E1A /* [CP] Embed Pods Frameworks */,
			);
			buildRules = (
			);
			dependencies = (
			);
			name = HelloPrice;
			productName = HelloPrice;
			productReference = CA3B85CE24820F9100F1D863 /* HelloPrice.app */;
			productType = "com.apple.product-type.application";
		};
		CA3B85E324820F9300F1D863 /* HelloPriceTests */ = {
			isa = PBXNativeTarget;
			buildConfigurationList = CA3B85F024820F9300F1D863 /* Build configuration list for PBXNativeTarget "HelloPriceTests" */;
			buildPhases = (
				C8D8A647F9B952FD1FF5C51B /* [CP] Check Pods Manifest.lock */,
				CA3B85E024820F9300F1D863 /* Sources */,
				CA3B85E124820F9300F1D863 /* Frameworks */,
				CA3B85E224820F9300F1D863 /* Resources */,
			);
			buildRules = (
			);
			dependencies = (
				CA3B85E624820F9300F1D863 /* PBXTargetDependency */,
			);
			name = HelloPriceTests;
			productName = HelloPriceTests;
			productReference = CA3B85E424820F9300F1D863 /* HelloPriceTests.xctest */;
			productType = "com.apple.product-type.bundle.unit-test";
		};
/* End PBXNativeTarget section */

/* Begin PBXProject section */
		CA3B85C624820F9100F1D863 /* Project object */ = {
			isa = PBXProject;
			attributes = {
				LastSwiftUpdateCheck = 1140;
				LastUpgradeCheck = 1140;
				ORGANIZATIONNAME = besteyes;
				TargetAttributes = {
					CA3B85CD24820F9100F1D863 = {
						CreatedOnToolsVersion = 11.4.1;
					};
					CA3B85E324820F9300F1D863 = {
						CreatedOnToolsVersion = 11.4.1;
						TestTargetID = CA3B85CD24820F9100F1D863;
					};
				};
			};
			buildConfigurationList = CA3B85C924820F9100F1D863 /* Build configuration list for PBXProject "HelloPrice" */;
			compatibilityVersion = "Xcode 9.3";
			developmentRegion = en;
			hasScannedForEncodings = 0;
			knownRegions = (
				en,
				Base,
			);
			mainGroup = CA3B85C524820F9100F1D863;
			productRefGroup = CA3B85CF24820F9100F1D863 /* Products */;
			projectDirPath = "";
			projectRoot = "";
			targets = (
				CA3B85CD24820F9100F1D863 /* HelloPrice */,
				CA3B85E324820F9300F1D863 /* HelloPriceTests */,
			);
		};
/* End PBXProject section */

/* Begin PBXResourcesBuildPhase section */
		CA3B85CC24820F9100F1D863 /* Resources */ = {
			isa = PBXResourcesBuildPhase;
			buildActionMask = 2147483647;
			files = (
				CA3B85DE24820F9300F1D863 /* LaunchScreen.storyboard in Resources */,
				CA3B85DB24820F9300F1D863 /* Assets.xcassets in Resources */,
				CA3B85D924820F9100F1D863 /* Main.storyboard in Resources */,
			);
			runOnlyForDeploymentPostprocessing = 0;
		};
		CA3B85E224820F9300F1D863 /* Resources */ = {
			isa = PBXResourcesBuildPhase;
			buildActionMask = 2147483647;
			files = (
			);
			runOnlyForDeploymentPostprocessing = 0;
		};
/* End PBXResourcesBuildPhase section */

/* Begin PBXShellScriptBuildPhase section */
		20BB040DC178EDE00D172E1A /* [CP] Embed Pods Frameworks */ = {
			isa = PBXShellScriptBuildPhase;
			buildActionMask = 2147483647;
			files = (
			);
			inputFileListPaths = (
				"${PODS_ROOT}/Target Support Files/Pods-HelloPrice/Pods-HelloPrice-frameworks-${CONFIGURATION}-input-files.xcfilelist",
			);
			name = "[CP] Embed Pods Frameworks";
			outputFileListPaths = (
				"${PODS_ROOT}/Target Support Files/Pods-HelloPrice/Pods-HelloPrice-frameworks-${CONFIGURATION}-output-files.xcfilelist",
			);
			runOnlyForDeploymentPostprocessing = 0;
			shellPath = /bin/sh;
			shellScript = "\"${PODS_ROOT}/Target Support Files/Pods-HelloPrice/Pods-HelloPrice-frameworks.sh\"\n";
			showEnvVarsInLog = 0;
		};
		3E16381564078B61B43770F3 /* [CP] Check Pods Manifest.lock */ = {
			isa = PBXShellScriptBuildPhase;
			buildActionMask = 2147483647;
			files = (
			);
			inputFileListPaths = (
			);
			inputPaths = (
				"${PODS_PODFILE_DIR_PATH}/Podfile.lock",
				"${PODS_ROOT}/Manifest.lock",
			);
			name = "[CP] Check Pods Manifest.lock";
			outputFileListPaths = (
			);
			outputPaths = (
				"$(DERIVED_FILE_DIR)/Pods-HelloPrice-checkManifestLockResult.txt",
			);
			runOnlyForDeploymentPostprocessing = 0;
			shellPath = /bin/sh;
			shellScript = "diff \"${PODS_PODFILE_DIR_PATH}/Podfile.lock\" \"${PODS_ROOT}/Manifest.lock\" > /dev/null\nif [ $? != 0 ] ; then\n    # print error to STDERR\n    echo \"error: The sandbox is not in sync with the Podfile.lock. Run 'pod install' or update your CocoaPods installation.\" >&2\n    exit 1\nfi\n# This output is used by Xcode 'outputs' to avoid re-running this script phase.\necho \"SUCCESS\" > \"${SCRIPT_OUTPUT_FILE_0}\"\n";
			showEnvVarsInLog = 0;
		};
		C8D8A647F9B952FD1FF5C51B /* [CP] Check Pods Manifest.lock */ = {
			isa = PBXShellScriptBuildPhase;
			buildActionMask = 2147483647;
			files = (
			);
			inputFileListPaths = (
			);
			inputPaths = (
				"${PODS_PODFILE_DIR_PATH}/Podfile.lock",
				"${PODS_ROOT}/Manifest.lock",
			);
			name = "[CP] Check Pods Manifest.lock";
			outputFileListPaths = (
			);
			outputPaths = (
				"$(DERIVED_FILE_DIR)/Pods-HelloPriceTests-checkManifestLockResult.txt",
			);
			runOnlyForDeploymentPostprocessing = 0;
			shellPath = /bin/sh;
			shellScript = "diff \"${PODS_PODFILE_DIR_PATH}/Podfile.lock\" \"${PODS_ROOT}/Manifest.lock\" > /dev/null\nif [ $? != 0 ] ; then\n    # print error to STDERR\n    echo \"error: The sandbox is not in sync with the Podfile.lock. Run 'pod install' or update your CocoaPods installation.\" >&2\n    exit 1\nfi\n# This output is used by Xcode 'outputs' to avoid re-running this script phase.\necho \"SUCCESS\" > \"${SCRIPT_OUTPUT_FILE_0}\"\n";
			showEnvVarsInLog = 0;
		};
/* End PBXShellScriptBuildPhase section */

/* Begin PBXSourcesBuildPhase section */
		CA3B85CA24820F9100F1D863 /* Sources */ = {
			isa = PBXSourcesBuildPhase;
			buildActionMask = 2147483647;
			files = (
				CA3B85D624820F9100F1D863 /* ViewController.swift in Sources */,
				CA3B85D224820F9100F1D863 /* AppDelegate.swift in Sources */,
			);
			runOnlyForDeploymentPostprocessing = 0;
		};
		CA3B85E024820F9300F1D863 /* Sources */ = {
			isa = PBXSourcesBuildPhase;
			buildActionMask = 2147483647;
			files = (
				CA3B85E924820F9300F1D863 /* HelloPriceTests.swift in Sources */,
			);
			runOnlyForDeploymentPostprocessing = 0;
		};
/* End PBXSourcesBuildPhase section */

/* Begin PBXTargetDependency section */
		CA3B85E624820F9300F1D863 /* PBXTargetDependency */ = {
			isa = PBXTargetDependency;
			target = CA3B85CD24820F9100F1D863 /* HelloPrice */;
			targetProxy = CA3B85E524820F9300F1D863 /* PBXContainerItemProxy */;
		};
/* End PBXTargetDependency section */

/* Begin PBXVariantGroup section */
		CA3B85D724820F9100F1D863 /* Main.storyboard */ = {
			isa = PBXVariantGroup;
			children = (
				CA3B85D824820F9100F1D863 /* Base */,
			);
			name = Main.storyboard;
			sourceTree = "<group>";
		};
		CA3B85DC24820F9300F1D863 /* LaunchScreen.storyboard */ = {
			isa = PBXVariantGroup;
			children = (
				CA3B85DD24820F9300F1D863 /* Base */,
			);
			name = LaunchScreen.storyboard;
			sourceTree = "<group>";
		};
/* End PBXVariantGroup section */

/* Begin XCBuildConfiguration section */
		CA3B85EB24820F9300F1D863 /* Debug */ = {
			isa = XCBuildConfiguration;
			buildSettings = {
				ALWAYS_SEARCH_USER_PATHS = NO;
				CLANG_ANALYZER_NONNULL = YES;
				CLANG_ANALYZER_NUMBER_OBJECT_CONVERSION = YES_AGGRESSIVE;
				CLANG_CXX_LANGUAGE_STANDARD = "gnu++14";
				CLANG_CXX_LIBRARY = "libc++";
				CLANG_ENABLE_MODULES = YES;
				CLANG_ENABLE_OBJC_ARC = YES;
				CLANG_ENABLE_OBJC_WEAK = YES;
				CLANG_WARN_BLOCK_CAPTURE_AUTORELEASING = YES;
				CLANG_WARN_BOOL_CONVERSION = YES;
				CLANG_WARN_COMMA = YES;
				CLANG_WARN_CONSTANT_CONVERSION = YES;
				CLANG_WARN_DEPRECATED_OBJC_IMPLEMENTATIONS = YES;
				CLANG_WARN_DIRECT_OBJC_ISA_USAGE = YES_ERROR;
				CLANG_WARN_DOCUMENTATION_COMMENTS = YES;
				CLANG_WARN_EMPTY_BODY = YES;
				CLANG_WARN_ENUM_CONVERSION = YES;
				CLANG_WARN_INFINITE_RECURSION = YES;
				CLANG_WARN_INT_CONVERSION = YES;
				CLANG_WARN_NON_LITERAL_NULL_CONVERSION = YES;
				CLANG_WARN_OBJC_IMPLICIT_RETAIN_SELF = YES;
				CLANG_WARN_OBJC_LITERAL_CONVERSION = YES;
				CLANG_WARN_OBJC_ROOT_CLASS = YES_ERROR;
				CLANG_WARN_RANGE_LOOP_ANALYSIS = YES;
				CLANG_WARN_STRICT_PROTOTYPES = YES;
				CLANG_WARN_SUSPICIOUS_MOVE = YES;
				CLANG_WARN_UNGUARDED_AVAILABILITY = YES_AGGRESSIVE;
				CLANG_WARN_UNREACHABLE_CODE = YES;
				CLANG_WARN__DUPLICATE_METHOD_MATCH = YES;
				COPY_PHASE_STRIP = NO;
				DEBUG_INFORMATION_FORMAT = dwarf;
				ENABLE_STRICT_OBJC_MSGSEND = YES;
				ENABLE_TESTABILITY = YES;
				GCC_C_LANGUAGE_STANDARD = gnu11;
				GCC_DYNAMIC_NO_PIC = NO;
				GCC_NO_COMMON_BLOCKS = YES;
				GCC_OPTIMIZATION_LEVEL = 0;
				GCC_PREPROCESSOR_DEFINITIONS = (
					"DEBUG=1",
					"$(inherited)",
				);
				GCC_WARN_64_TO_32_BIT_CONVERSION = YES;
				GCC_WARN_ABOUT_RETURN_TYPE = YES_ERROR;
				GCC_WARN_UNDECLARED_SELECTOR = YES;
				GCC_WARN_UNINITIALIZED_AUTOS = YES_AGGRESSIVE;
				GCC_WARN_UNUSED_FUNCTION = YES;
				GCC_WARN_UNUSED_VARIABLE = YES;
				IPHONEOS_DEPLOYMENT_TARGET = 13.4;
				MTL_ENABLE_DEBUG_INFO = INCLUDE_SOURCE;
				MTL_FAST_MATH = YES;
				ONLY_ACTIVE_ARCH = YES;
				SDKROOT = iphoneos;
				SWIFT_ACTIVE_COMPILATION_CONDITIONS = DEBUG;
				SWIFT_OPTIMIZATION_LEVEL = "-Onone";
			};
			name = Debug;
		};
		CA3B85EC24820F9300F1D863 /* Release */ = {
			isa = XCBuildConfiguration;
			buildSettings = {
				ALWAYS_SEARCH_USER_PATHS = NO;
				CLANG_ANALYZER_NONNULL = YES;
				CLANG_ANALYZER_NUMBER_OBJECT_CONVERSION = YES_AGGRESSIVE;
				CLANG_CXX_LANGUAGE_STANDARD = "gnu++14";
				CLANG_CXX_LIBRARY = "libc++";
				CLANG_ENABLE_MODULES = YES;
				CLANG_ENABLE_OBJC_ARC = YES;
				CLANG_ENABLE_OBJC_WEAK = YES;
				CLANG_WARN_BLOCK_CAPTURE_AUTORELEASING = YES;
				CLANG_WARN_BOOL_CONVERSION = YES;
				CLANG_WARN_COMMA = YES;
				CLANG_WARN_CONSTANT_CONVERSION = YES;
				CLANG_WARN_DEPRECATED_OBJC_IMPLEMENTATIONS = YES;
				CLANG_WARN_DIRECT_OBJC_ISA_USAGE = YES_ERROR;
				CLANG_WARN_DOCUMENTATION_COMMENTS = YES;
				CLANG_WARN_EMPTY_BODY = YES;
				CLANG_WARN_ENUM_CONVERSION = YES;
				CLANG_WARN_INFINITE_RECURSION = YES;
				CLANG_WARN_INT_CONVERSION = YES;
				CLANG_WARN_NON_LITERAL_NULL_CONVERSION = YES;
				CLANG_WARN_OBJC_IMPLICIT_RETAIN_SELF = YES;
				CLANG_WARN_OBJC_LITERAL_CONVERSION = YES;
				CLANG_WARN_OBJC_ROOT_CLASS = YES_ERROR;
				CLANG_WARN_RANGE_LOOP_ANALYSIS = YES;
				CLANG_WARN_STRICT_PROTOTYPES = YES;
				CLANG_WARN_SUSPICIOUS_MOVE = YES;
				CLANG_WARN_UNGUARDED_AVAILABILITY = YES_AGGRESSIVE;
				CLANG_WARN_UNREACHABLE_CODE = YES;
				CLANG_WARN__DUPLICATE_METHOD_MATCH = YES;
				COPY_PHASE_STRIP = NO;
				DEBUG_INFORMATION_FORMAT = "dwarf-with-dsym";
				ENABLE_NS_ASSERTIONS = NO;
				ENABLE_STRICT_OBJC_MSGSEND = YES;
				GCC_C_LANGUAGE_STANDARD = gnu11;
				GCC_NO_COMMON_BLOCKS = YES;
				GCC_WARN_64_TO_32_BIT_CONVERSION = YES;
				GCC_WARN_ABOUT_RETURN_TYPE = YES_ERROR;
				GCC_WARN_UNDECLARED_SELECTOR = YES;
				GCC_WARN_UNINITIALIZED_AUTOS = YES_AGGRESSIVE;
				GCC_WARN_UNUSED_FUNCTION = YES;
				GCC_WARN_UNUSED_VARIABLE = YES;
				IPHONEOS_DEPLOYMENT_TARGET = 13.4;
				MTL_ENABLE_DEBUG_INFO = NO;
				MTL_FAST_MATH = YES;
				SDKROOT = iphoneos;
				SWIFT_COMPILATION_MODE = wholemodule;
				SWIFT_OPTIMIZATION_LEVEL = "-O";
				VALIDATE_PRODUCT = YES;
			};
			name = Release;
		};
		CA3B85EE24820F9300F1D863 /* Debug */ = {
			isa = XCBuildConfiguration;
			baseConfigurationReference = 2D1A1EB17D6B37C7C9873243 /* Pods-HelloPrice.debug.xcconfig */;
			buildSettings = {
				ASSETCATALOG_COMPILER_APPICON_NAME = AppIcon;
				CODE_SIGN_STYLE = Automatic;
				DEVELOPMENT_TEAM = HGQ9YZ4HTR;
				INFOPLIST_FILE = HelloPrice/Info.plist;
				IPHONEOS_DEPLOYMENT_TARGET = 12.0;
				LD_RUNPATH_SEARCH_PATHS = (
					"$(inherited)",
					"@executable_path/Frameworks",
				);
				MARKETING_VERSION = 1.0.0;
				PRODUCT_BUNDLE_IDENTIFIER = com.besteyes.HelloPrice;
				PRODUCT_NAME = "$(TARGET_NAME)";
				SWIFT_VERSION = 5.0;
				TARGETED_DEVICE_FAMILY = "1,2";
			};
			name = Debug;
		};
		CA3B85EF24820F9300F1D863 /* Release */ = {
			isa = XCBuildConfiguration;
			baseConfigurationReference = 57E9D6A39C5CE377CD9EC596 /* Pods-HelloPrice.release.xcconfig */;
			buildSettings = {
				ASSETCATALOG_COMPILER_APPICON_NAME = AppIcon;
				CODE_SIGN_STYLE = Automatic;
				DEVELOPMENT_TEAM = HGQ9YZ4HTR;
				INFOPLIST_FILE = HelloPrice/Info.plist;
				IPHONEOS_DEPLOYMENT_TARGET = 12.0;
				LD_RUNPATH_SEARCH_PATHS = (
					"$(inherited)",
					"@executable_path/Frameworks",
				);
				MARKETING_VERSION = 1.0.0;
				PRODUCT_BUNDLE_IDENTIFIER = com.besteyes.HelloPrice;
				PRODUCT_NAME = "$(TARGET_NAME)";
				SWIFT_VERSION = 5.0;
				TARGETED_DEVICE_FAMILY = "1,2";
			};
			name = Release;
		};
		CA3B85F124820F9300F1D863 /* Debug */ = {
			isa = XCBuildConfiguration;
			baseConfigurationReference = C095F473BB7E87ECBFD89631 /* Pods-HelloPriceTests.debug.xcconfig */;
			buildSettings = {
				ALWAYS_EMBED_SWIFT_STANDARD_LIBRARIES = YES;
				BUNDLE_LOADER = "$(TEST_HOST)";
				CODE_SIGN_STYLE = Automatic;
				DEVELOPMENT_TEAM = HGQ9YZ4HTR;
				INFOPLIST_FILE = HelloPriceTests/Info.plist;
				IPHONEOS_DEPLOYMENT_TARGET = 13.4;
				LD_RUNPATH_SEARCH_PATHS = (
					"$(inherited)",
					"@executable_path/Frameworks",
					"@loader_path/Frameworks",
				);
				PRODUCT_BUNDLE_IDENTIFIER = com.besteyes.HelloPriceTests;
				PRODUCT_NAME = "$(TARGET_NAME)";
				SWIFT_VERSION = 5.0;
				TARGETED_DEVICE_FAMILY = "1,2";
				TEST_HOST = "$(BUILT_PRODUCTS_DIR)/HelloPrice.app/HelloPrice";
			};
			name = Debug;
		};
		CA3B85F224820F9300F1D863 /* Release */ = {
			isa = XCBuildConfiguration;
			baseConfigurationReference = 9C0A9CC8FDC13BC1C4C70B69 /* Pods-HelloPriceTests.release.xcconfig */;
			buildSettings = {
				ALWAYS_EMBED_SWIFT_STANDARD_LIBRARIES = YES;
				BUNDLE_LOADER = "$(TEST_HOST)";
				CODE_SIGN_STYLE = Automatic;
				DEVELOPMENT_TEAM = HGQ9YZ4HTR;
				INFOPLIST_FILE = HelloPriceTests/Info.plist;
				IPHONEOS_DEPLOYMENT_TARGET = 13.4;
				LD_RUNPATH_SEARCH_PATHS = (
					"$(inherited)",
					"@executable_path/Frameworks",
					"@loader_path/Frameworks",
				);
				PRODUCT_BUNDLE_IDENTIFIER = com.besteyes.HelloPriceTests;
				PRODUCT_NAME = "$(TARGET_NAME)";
				SWIFT_VERSION = 5.0;
				TARGETED_DEVICE_FAMILY = "1,2";
				TEST_HOST = "$(BUILT_PRODUCTS_DIR)/HelloPrice.app/HelloPrice";
			};
			name = Release;
		};
/* End XCBuildConfiguration section */

/* Begin XCConfigurationList section */
		CA3B85C924820F9100F1D863 /* Build configuration list for PBXProject "HelloPrice" */ = {
			isa = XCConfigurationList;
			buildConfigurations = (
				CA3B85EB24820F9300F1D863 /* Debug */,
				CA3B85EC24820F9300F1D863 /* Release */,
			);
			defaultConfigurationIsVisible = 0;
			defaultConfigurationName = Release;
		};
		CA3B85ED24820F9300F1D863 /* Build configuration list for PBXNativeTarget "HelloPrice" */ = {
			isa = XCConfigurationList;
			buildConfigurations = (
				CA3B85EE24820F9300F1D863 /* Debug */,
				CA3B85EF24820F9300F1D863 /* Release */,
			);
			defaultConfigurationIsVisible = 0;
			defaultConfigurationName = Release;
		};
		CA3B85F024820F9300F1D863 /* Build configuration list for PBXNativeTarget "HelloPriceTests" */ = {
			isa = XCConfigurationList;
			buildConfigurations = (
				CA3B85F124820F9300F1D863 /* Debug */,
				CA3B85F224820F9300F1D863 /* Release */,
			);
			defaultConfigurationIsVisible = 0;
			defaultConfigurationName = Release;
		};
/* End XCConfigurationList section */
	};
	rootObject = CA3B85C624820F9100F1D863 /* Project object */;
}
